
Microsoft Visual Studio Solution File, Format Version 12.00
# Visual Studio 15
VisualStudioVersion = 15.0.27130.2026
MinimumVisualStudioVersion = 10.0.40219.1
Project("{9A19103F-16F7-4668-BE54-9A1E7A4F7556}") = "Internal.Web.Api", "Internal.Web.Api\Internal.Web.Api.csproj", "{0DFA5F91-9550-4F59-9555-CB17D89EE1E8}"
EndProject
Project("{9A19103F-16F7-4668-BE54-9A1E7A4F7556}") = "Internal.Queries", "Internal.Queries\Internal.Queries.csproj", "{0121E041-B434-499A-884B-C4EB26305BE4}"
EndProject
Project("{9A19103F-16F7-4668-BE54-9A1E7A4F7556}") = "Internal.SqlDataSource", "Internal.SqlDataSource\Internal.SqlDataSource.csproj", "{84C311A8-DF1A-4F40-A93E-ECC68BD7F2B5}"
EndProject
Project("{9A19103F-16F7-4668-BE54-9A1E7A4F7556}") = "Internal.Web.UI", "Internal.Web.UI\Internal.Web.UI.csproj", "{CC3F8C84-DD05-45AD-90C0-4DF56D311048}"
EndProject
Project("{9A19103F-16F7-4668-BE54-9A1E7A4F7556}") = "Internal.CommandHandlers", "Internal.CommandHandlers\Internal.CommandHandlers.csproj", "{D6851597-8DF0-4B9C-99FD-EA546B37C2F9}"
EndProject
Project("{2150E333-8FDC-42A3-9474-1A3956D46DE8}") = "Solution Items", "Solution Items", "{12F2C31C-21AA-42B4-8777-A882B6F4FC9E}"
	ProjectSection(SolutionItems) = preProject
		Notes.txt = Notes.txt
	EndProjectSection
EndProject
Project("{FAE04EC0-301F-11D3-BF4B-00C04F79EFBC}") = "Internal.Common", "Internal.Common\Internal.Common.csproj", "{25DB781D-1FEB-411E-8854-15AE2FB52309}"
EndProject
Global
	GlobalSection(SolutionConfigurationPlatforms) = preSolution
		Debug|Any CPU = Debug|Any CPU
		Release|Any CPU = Release|Any CPU
	EndGlobalSection
	GlobalSection(ProjectConfigurationPlatforms) = postSolution
		{0DFA5F91-9550-4F59-9555-CB17D89EE1E8}.Debug|Any CPU.ActiveCfg = Debug|Any CPU
		{0DFA5F91-9550-4F59-9555-CB17D89EE1E8}.Debug|Any CPU.Build.0 = Debug|Any CPU
		{0DFA5F91-9550-4F59-9555-CB17D89EE1E8}.Release|Any CPU.ActiveCfg = Release|Any CPU
		{0DFA5F91-9550-4F59-9555-CB17D89EE1E8}.Release|Any CPU.Build.0 = Release|Any CPU
		{0121E041-B434-499A-884B-C4EB26305BE4}.Debug|Any CPU.ActiveCfg = Debug|Any CPU
		{0121E041-B434-499A-884B-C4EB26305BE4}.Debug|Any CPU.Build.0 = Debug|Any CPU
		{0121E041-B434-499A-884B-C4EB26305BE4}.Release|Any CPU.ActiveCfg = Release|Any CPU
		{0121E041-B434-499A-884B-C4EB26305BE4}.Release|Any CPU.Build.0 = Release|Any CPU
		{84C311A8-DF1A-4F40-A93E-ECC68BD7F2B5}.Debug|Any CPU.ActiveCfg = Debug|Any CPU
		{84C311A8-DF1A-4F40-A93E-ECC68BD7F2B5}.Debug|Any CPU.Build.0 = Debug|Any CPU
		{84C311A8-DF1A-4F40-A93E-ECC68BD7F2B5}.Release|Any CPU.ActiveCfg = Release|Any CPU
		{84C311A8-DF1A-4F40-A93E-ECC68BD7F2B5}.Release|Any CPU.Build.0 = Release|Any CPU
		{CC3F8C84-DD05-45AD-90C0-4DF56D311048}.Debug|Any CPU.ActiveCfg = Debug|Any CPU
		{CC3F8C84-DD05-45AD-90C0-4DF56D311048}.Debug|Any CPU.Build.0 = Debug|Any CPU
		{CC3F8C84-DD05-45AD-90C0-4DF56D311048}.Release|Any CPU.ActiveCfg = Release|Any CPU
		{CC3F8C84-DD05-45AD-90C0-4DF56D311048}.Release|Any CPU.Build.0 = Release|Any CPU
		{D6851597-8DF0-4B9C-99FD-EA546B37C2F9}.Debug|Any CPU.ActiveCfg = Debug|Any CPU
		{D6851597-8DF0-4B9C-99FD-EA546B37C2F9}.Debug|Any CPU.Build.0 = Debug|Any CPU
		{D6851597-8DF0-4B9C-99FD-EA546B37C2F9}.Release|Any CPU.ActiveCfg = Release|Any CPU
		{D6851597-8DF0-4B9C-99FD-EA546B37C2F9}.Release|Any CPU.Build.0 = Release|Any CPU
		{25DB781D-1FEB-411E-8854-15AE2FB52309}.Debug|Any CPU.ActiveCfg = Debug|Any CPU
		{25DB781D-1FEB-411E-8854-15AE2FB52309}.Debug|Any CPU.Build.0 = Debug|Any CPU
		{25DB781D-1FEB-411E-8854-15AE2FB52309}.Release|Any CPU.ActiveCfg = Release|Any CPU
		{25DB781D-1FEB-411E-8854-15AE2FB52309}.Release|Any CPU.Build.0 = Release|Any CPU
	EndGlobalSection
	GlobalSection(SolutionProperties) = preSolution
		HideSolutionNode = FALSE
	EndGlobalSection
	GlobalSection(ExtensibilityGlobals) = postSolution
		SolutionGuid = {B66DC57A-D1F6-4F88-A335-5DE9D5AEA579}
	EndGlobalSection
EndGlobal
